// !$*UTF8*$!
{
	archiveVersion = 1;
	classes = {
	};
	objectVersion = 46;
	objects = {

/* Begin PBXBuildFile section */
		12C37197E69478DE0C88342C /* Pods_Track_Church.framework in Frameworks */ = {isa = PBXBuildFile; fileRef = 1CE169B513E986E03C39B176 /* Pods_Track_Church.framework */; };
		9B1D10FC1ED3878B002E2AF5 /* GoogleService-Info.plist in Resources */ = {isa = PBXBuildFile; fileRef = 9B1D10FB1ED3878B002E2AF5 /* GoogleService-Info.plist */; };
		9B520BCF1DFD89E50094097D /* AppDelegate.swift in Sources */ = {isa = PBXBuildFile; fileRef = 9B520BCE1DFD89E50094097D /* AppDelegate.swift */; };
		9B520BD41DFD89E50094097D /* Main.storyboard in Resources */ = {isa = PBXBuildFile; fileRef = 9B520BD21DFD89E50094097D /* Main.storyboard */; };
		9B520BD61DFD89E50094097D /* Assets.xcassets in Resources */ = {isa = PBXBuildFile; fileRef = 9B520BD51DFD89E50094097D /* Assets.xcassets */; };
		9B520BD91DFD89E50094097D /* LaunchScreen.storyboard in Resources */ = {isa = PBXBuildFile; fileRef = 9B520BD71DFD89E50094097D /* LaunchScreen.storyboard */; };
		9B520BE41DFD89E50094097D /* Track_ChurchTests.swift in Sources */ = {isa = PBXBuildFile; fileRef = 9B520BE31DFD89E50094097D /* Track_ChurchTests.swift */; };
		9B520BEF1DFD89E50094097D /* Track_ChurchUITests.swift in Sources */ = {isa = PBXBuildFile; fileRef = 9B520BEE1DFD89E50094097D /* Track_ChurchUITests.swift */; };
		9B5D8F111F88ED5E0013957A /* DB.swift in Sources */ = {isa = PBXBuildFile; fileRef = 9B5D8F101F88ED5E0013957A /* DB.swift */; };
		9B5D8F131F88F4DF0013957A /* ChooseGatheringViewModel.swift in Sources */ = {isa = PBXBuildFile; fileRef = 9B5D8F121F88F4DF0013957A /* ChooseGatheringViewModel.swift */; };
		9B5D8F161F8AB7A30013957A /* ChooseMetricTableViewController.swift in Sources */ = {isa = PBXBuildFile; fileRef = 9B5D8F151F8AB7A30013957A /* ChooseMetricTableViewController.swift */; };
		9B5D8F181F8AB8A90013957A /* ChooseMetricViewModel.swift in Sources */ = {isa = PBXBuildFile; fileRef = 9B5D8F171F8AB8A90013957A /* ChooseMetricViewModel.swift */; };
		9B868F051F813F7500667FAC /* ChooseGatheringTableViewController.swift in Sources */ = {isa = PBXBuildFile; fileRef = 9B868F041F813F7500667FAC /* ChooseGatheringTableViewController.swift */; };
		EED4F2ED2E15F935E6C1F2EB /* Pods_Track_ChurchUITests.framework in Frameworks */ = {isa = PBXBuildFile; fileRef = 320A488E97051871C6C8E706 /* Pods_Track_ChurchUITests.framework */; };
		FE18D63B1B1950BE71EEA134 /* Pods_Track_ChurchTests.framework in Frameworks */ = {isa = PBXBuildFile; fileRef = ABB6CB7EF99A8B18E484B777 /* Pods_Track_ChurchTests.framework */; };
/* End PBXBuildFile section */

/* Begin PBXContainerItemProxy section */
		9B520BE01DFD89E50094097D /* PBXContainerItemProxy */ = {
			isa = PBXContainerItemProxy;
			containerPortal = 9B520BC31DFD89E50094097D /* Project object */;
			proxyType = 1;
			remoteGlobalIDString = 9B520BCA1DFD89E50094097D;
			remoteInfo = "Track Church";
		};
		9B520BEB1DFD89E50094097D /* PBXContainerItemProxy */ = {
			isa = PBXContainerItemProxy;
			containerPortal = 9B520BC31DFD89E50094097D /* Project object */;
			proxyType = 1;
			remoteGlobalIDString = 9B520BCA1DFD89E50094097D;
			remoteInfo = "Track Church";
		};
/* End PBXContainerItemProxy section */

/* Begin PBXFileReference section */
		1CE169B513E986E03C39B176 /* Pods_Track_Church.framework */ = {isa = PBXFileReference; explicitFileType = wrapper.framework; includeInIndex = 0; path = Pods_Track_Church.framework; sourceTree = BUILT_PRODUCTS_DIR; };
		2F82A851AF25E3B0AE0675DE /* Pods-Track ChurchTests.debug.xcconfig */ = {isa = PBXFileReference; includeInIndex = 1; lastKnownFileType = text.xcconfig; name = "Pods-Track ChurchTests.debug.xcconfig"; path = "Pods/Target Support Files/Pods-Track ChurchTests/Pods-Track ChurchTests.debug.xcconfig"; sourceTree = "<group>"; };
		320A488E97051871C6C8E706 /* Pods_Track_ChurchUITests.framework */ = {isa = PBXFileReference; explicitFileType = wrapper.framework; includeInIndex = 0; path = Pods_Track_ChurchUITests.framework; sourceTree = BUILT_PRODUCTS_DIR; };
		5F10C5A5074B3556EAACB080 /* Pods-Track ChurchUITests.release.xcconfig */ = {isa = PBXFileReference; includeInIndex = 1; lastKnownFileType = text.xcconfig; name = "Pods-Track ChurchUITests.release.xcconfig"; path = "Pods/Target Support Files/Pods-Track ChurchUITests/Pods-Track ChurchUITests.release.xcconfig"; sourceTree = "<group>"; };
		9B1D10FB1ED3878B002E2AF5 /* GoogleService-Info.plist */ = {isa = PBXFileReference; fileEncoding = 4; lastKnownFileType = text.plist.xml; path = "GoogleService-Info.plist"; sourceTree = "<group>"; };
		9B520BCB1DFD89E50094097D /* Track Church.app */ = {isa = PBXFileReference; explicitFileType = wrapper.application; includeInIndex = 0; path = "Track Church.app"; sourceTree = BUILT_PRODUCTS_DIR; };
		9B520BCE1DFD89E50094097D /* AppDelegate.swift */ = {isa = PBXFileReference; lastKnownFileType = sourcecode.swift; path = AppDelegate.swift; sourceTree = "<group>"; };
		9B520BD31DFD89E50094097D /* Base */ = {isa = PBXFileReference; lastKnownFileType = file.storyboard; name = Base; path = Base.lproj/Main.storyboard; sourceTree = "<group>"; };
		9B520BD51DFD89E50094097D /* Assets.xcassets */ = {isa = PBXFileReference; lastKnownFileType = folder.assetcatalog; path = Assets.xcassets; sourceTree = "<group>"; };
		9B520BD81DFD89E50094097D /* Base */ = {isa = PBXFileReference; lastKnownFileType = file.storyboard; name = Base; path = Base.lproj/LaunchScreen.storyboard; sourceTree = "<group>"; };
		9B520BDA1DFD89E50094097D /* Info.plist */ = {isa = PBXFileReference; lastKnownFileType = text.plist.xml; path = Info.plist; sourceTree = "<group>"; };
		9B520BDF1DFD89E50094097D /* Track ChurchTests.xctest */ = {isa = PBXFileReference; explicitFileType = wrapper.cfbundle; includeInIndex = 0; path = "Track ChurchTests.xctest"; sourceTree = BUILT_PRODUCTS_DIR; };
		9B520BE31DFD89E50094097D /* Track_ChurchTests.swift */ = {isa = PBXFileReference; lastKnownFileType = sourcecode.swift; path = Track_ChurchTests.swift; sourceTree = "<group>"; };
		9B520BE51DFD89E50094097D /* Info.plist */ = {isa = PBXFileReference; lastKnownFileType = text.plist.xml; path = Info.plist; sourceTree = "<group>"; };
		9B520BEA1DFD89E50094097D /* Track ChurchUITests.xctest */ = {isa = PBXFileReference; explicitFileType = wrapper.cfbundle; includeInIndex = 0; path = "Track ChurchUITests.xctest"; sourceTree = BUILT_PRODUCTS_DIR; };
		9B520BEE1DFD89E50094097D /* Track_ChurchUITests.swift */ = {isa = PBXFileReference; lastKnownFileType = sourcecode.swift; path = Track_ChurchUITests.swift; sourceTree = "<group>"; };
		9B520BF01DFD89E50094097D /* Info.plist */ = {isa = PBXFileReference; lastKnownFileType = text.plist.xml; path = Info.plist; sourceTree = "<group>"; };
		9B5D8F0E1F88E6830013957A /* Track Church.entitlements */ = {isa = PBXFileReference; lastKnownFileType = text.plist.entitlements; path = "Track Church.entitlements"; sourceTree = "<group>"; };
		9B5D8F101F88ED5E0013957A /* DB.swift */ = {isa = PBXFileReference; lastKnownFileType = sourcecode.swift; path = DB.swift; sourceTree = "<group>"; };
		9B5D8F121F88F4DF0013957A /* ChooseGatheringViewModel.swift */ = {isa = PBXFileReference; lastKnownFileType = sourcecode.swift; path = ChooseGatheringViewModel.swift; sourceTree = "<group>"; };
		9B5D8F151F8AB7A30013957A /* ChooseMetricTableViewController.swift */ = {isa = PBXFileReference; lastKnownFileType = sourcecode.swift; path = ChooseMetricTableViewController.swift; sourceTree = "<group>"; };
		9B5D8F171F8AB8A90013957A /* ChooseMetricViewModel.swift */ = {isa = PBXFileReference; lastKnownFileType = sourcecode.swift; path = ChooseMetricViewModel.swift; sourceTree = "<group>"; };
		9B868F041F813F7500667FAC /* ChooseGatheringTableViewController.swift */ = {isa = PBXFileReference; lastKnownFileType = sourcecode.swift; path = ChooseGatheringTableViewController.swift; sourceTree = "<group>"; };
		ABB49C1B8764A5E537FF93DA /* Pods-Track Church.debug.xcconfig */ = {isa = PBXFileReference; includeInIndex = 1; lastKnownFileType = text.xcconfig; name = "Pods-Track Church.debug.xcconfig"; path = "Pods/Target Support Files/Pods-Track Church/Pods-Track Church.debug.xcconfig"; sourceTree = "<group>"; };
		ABB6CB7EF99A8B18E484B777 /* Pods_Track_ChurchTests.framework */ = {isa = PBXFileReference; explicitFileType = wrapper.framework; includeInIndex = 0; path = Pods_Track_ChurchTests.framework; sourceTree = BUILT_PRODUCTS_DIR; };
		B6E6945B9E800BA7097983EC /* Pods-Track Church.release.xcconfig */ = {isa = PBXFileReference; includeInIndex = 1; lastKnownFileType = text.xcconfig; name = "Pods-Track Church.release.xcconfig"; path = "Pods/Target Support Files/Pods-Track Church/Pods-Track Church.release.xcconfig"; sourceTree = "<group>"; };
		C6F2A13BEFC1AABFF6DBE6D6 /* Pods-Track ChurchTests.release.xcconfig */ = {isa = PBXFileReference; includeInIndex = 1; lastKnownFileType = text.xcconfig; name = "Pods-Track ChurchTests.release.xcconfig"; path = "Pods/Target Support Files/Pods-Track ChurchTests/Pods-Track ChurchTests.release.xcconfig"; sourceTree = "<group>"; };
		D22DB2B17CEE637CDC6A2AD3 /* Pods-Track ChurchUITests.debug.xcconfig */ = {isa = PBXFileReference; includeInIndex = 1; lastKnownFileType = text.xcconfig; name = "Pods-Track ChurchUITests.debug.xcconfig"; path = "Pods/Target Support Files/Pods-Track ChurchUITests/Pods-Track ChurchUITests.debug.xcconfig"; sourceTree = "<group>"; };
/* End PBXFileReference section */

/* Begin PBXFrameworksBuildPhase section */
		9B520BC81DFD89E50094097D /* Frameworks */ = {
			isa = PBXFrameworksBuildPhase;
			buildActionMask = 2147483647;
			files = (
				12C37197E69478DE0C88342C /* Pods_Track_Church.framework in Frameworks */,
			);
			runOnlyForDeploymentPostprocessing = 0;
		};
		9B520BDC1DFD89E50094097D /* Frameworks */ = {
			isa = PBXFrameworksBuildPhase;
			buildActionMask = 2147483647;
			files = (
				FE18D63B1B1950BE71EEA134 /* Pods_Track_ChurchTests.framework in Frameworks */,
			);
			runOnlyForDeploymentPostprocessing = 0;
		};
		9B520BE71DFD89E50094097D /* Frameworks */ = {
			isa = PBXFrameworksBuildPhase;
			buildActionMask = 2147483647;
			files = (
				EED4F2ED2E15F935E6C1F2EB /* Pods_Track_ChurchUITests.framework in Frameworks */,
			);
			runOnlyForDeploymentPostprocessing = 0;
		};
/* End PBXFrameworksBuildPhase section */

/* Begin PBXGroup section */
		161CF5A5420F321FB2EFC1CD /* Frameworks */ = {
			isa = PBXGroup;
			children = (
				1CE169B513E986E03C39B176 /* Pods_Track_Church.framework */,
				ABB6CB7EF99A8B18E484B777 /* Pods_Track_ChurchTests.framework */,
				320A488E97051871C6C8E706 /* Pods_Track_ChurchUITests.framework */,
			);
			name = Frameworks;
			sourceTree = "<group>";
		};
		2EE13CF15634A0054224ED90 /* Pods */ = {
			isa = PBXGroup;
			children = (
				ABB49C1B8764A5E537FF93DA /* Pods-Track Church.debug.xcconfig */,
				B6E6945B9E800BA7097983EC /* Pods-Track Church.release.xcconfig */,
				2F82A851AF25E3B0AE0675DE /* Pods-Track ChurchTests.debug.xcconfig */,
				C6F2A13BEFC1AABFF6DBE6D6 /* Pods-Track ChurchTests.release.xcconfig */,
				D22DB2B17CEE637CDC6A2AD3 /* Pods-Track ChurchUITests.debug.xcconfig */,
				5F10C5A5074B3556EAACB080 /* Pods-Track ChurchUITests.release.xcconfig */,
			);
			name = Pods;
			sourceTree = "<group>";
		};
		9B520BC21DFD89E50094097D = {
			isa = PBXGroup;
			children = (
				9B520BCD1DFD89E50094097D /* Track Church */,
				9B520BE21DFD89E50094097D /* Track ChurchTests */,
				9B520BED1DFD89E50094097D /* Track ChurchUITests */,
				9B520BCC1DFD89E50094097D /* Products */,
				2EE13CF15634A0054224ED90 /* Pods */,
				161CF5A5420F321FB2EFC1CD /* Frameworks */,
			);
			sourceTree = "<group>";
		};
		9B520BCC1DFD89E50094097D /* Products */ = {
			isa = PBXGroup;
			children = (
				9B520BCB1DFD89E50094097D /* Track Church.app */,
				9B520BDF1DFD89E50094097D /* Track ChurchTests.xctest */,
				9B520BEA1DFD89E50094097D /* Track ChurchUITests.xctest */,
			);
			name = Products;
			sourceTree = "<group>";
		};
		9B520BCD1DFD89E50094097D /* Track Church */ = {
			isa = PBXGroup;
			children = (
				9B520BD21DFD89E50094097D /* Main.storyboard */,
				9B520BD51DFD89E50094097D /* Assets.xcassets */,
				9B520BDA1DFD89E50094097D /* Info.plist */,
				9B5D8F0E1F88E6830013957A /* Track Church.entitlements */,
				9B5D8F0F1F88ED4C0013957A /* General */,
				9B868F031F813EFA00667FAC /* Gatherings */,
				9B5D8F141F8AB7820013957A /* Metrics */,
				9B868F061F813F8C00667FAC /* Support Files */,
			);
			path = "Track Church";
			sourceTree = "<group>";
		};
		9B520BE21DFD89E50094097D /* Track ChurchTests */ = {
			isa = PBXGroup;
			children = (
				9B520BE31DFD89E50094097D /* Track_ChurchTests.swift */,
				9B520BE51DFD89E50094097D /* Info.plist */,
			);
			path = "Track ChurchTests";
			sourceTree = "<group>";
		};
		9B520BED1DFD89E50094097D /* Track ChurchUITests */ = {
			isa = PBXGroup;
			children = (
				9B520BEE1DFD89E50094097D /* Track_ChurchUITests.swift */,
				9B520BF01DFD89E50094097D /* Info.plist */,
			);
			path = "Track ChurchUITests";
			sourceTree = "<group>";
		};
		9B5D8F0F1F88ED4C0013957A /* General */ = {
			isa = PBXGroup;
			children = (
				9B5D8F101F88ED5E0013957A /* DB.swift */,
			);
			path = General;
			sourceTree = "<group>";
		};
		9B5D8F141F8AB7820013957A /* Metrics */ = {
			isa = PBXGroup;
			children = (
				9B5D8F151F8AB7A30013957A /* ChooseMetricTableViewController.swift */,
				9B5D8F171F8AB8A90013957A /* ChooseMetricViewModel.swift */,
			);
			path = Metrics;
			sourceTree = "<group>";
		};
		9B868F031F813EFA00667FAC /* Gatherings */ = {
			isa = PBXGroup;
			children = (
				9B868F041F813F7500667FAC /* ChooseGatheringTableViewController.swift */,
				9B5D8F121F88F4DF0013957A /* ChooseGatheringViewModel.swift */,
			);
			path = Gatherings;
			sourceTree = "<group>";
		};
		9B868F061F813F8C00667FAC /* Support Files */ = {
			isa = PBXGroup;
			children = (
				9B520BCE1DFD89E50094097D /* AppDelegate.swift */,
				9B520BD71DFD89E50094097D /* LaunchScreen.storyboard */,
				9B1D10FB1ED3878B002E2AF5 /* GoogleService-Info.plist */,
			);
			path = "Support Files";
			sourceTree = "<group>";
		};
/* End PBXGroup section */

/* Begin PBXNativeTarget section */
		9B520BCA1DFD89E50094097D /* Track Church */ = {
			isa = PBXNativeTarget;
			buildConfigurationList = 9B520BF31DFD89E50094097D /* Build configuration list for PBXNativeTarget "Track Church" */;
			buildPhases = (
				B310FB49AA00C67061567C35 /* [CP] Check Pods Manifest.lock */,
				9B520BC71DFD89E50094097D /* Sources */,
				9B520BC81DFD89E50094097D /* Frameworks */,
				9B520BC91DFD89E50094097D /* Resources */,
				D083BB42FC168DAA061E88D2 /* [CP] Embed Pods Frameworks */,
				40AB9FD9056812DEDCD986ED /* [CP] Copy Pods Resources */,
			);
			buildRules = (
			);
			dependencies = (
			);
			name = "Track Church";
			productName = "Track Church";
			productReference = 9B520BCB1DFD89E50094097D /* Track Church.app */;
			productType = "com.apple.product-type.application";
		};
		9B520BDE1DFD89E50094097D /* Track ChurchTests */ = {
			isa = PBXNativeTarget;
			buildConfigurationList = 9B520BF61DFD89E50094097D /* Build configuration list for PBXNativeTarget "Track ChurchTests" */;
			buildPhases = (
				0DED78786760ABC8DA05BF0B /* [CP] Check Pods Manifest.lock */,
				9B520BDB1DFD89E50094097D /* Sources */,
				9B520BDC1DFD89E50094097D /* Frameworks */,
				9B520BDD1DFD89E50094097D /* Resources */,
				16A63DA6C280E8CBA53CA249 /* [CP] Embed Pods Frameworks */,
				A32FDA1D8509481E2613A61F /* [CP] Copy Pods Resources */,
			);
			buildRules = (
			);
			dependencies = (
				9B520BE11DFD89E50094097D /* PBXTargetDependency */,
			);
			name = "Track ChurchTests";
			productName = "Track ChurchTests";
			productReference = 9B520BDF1DFD89E50094097D /* Track ChurchTests.xctest */;
			productType = "com.apple.product-type.bundle.unit-test";
		};
		9B520BE91DFD89E50094097D /* Track ChurchUITests */ = {
			isa = PBXNativeTarget;
			buildConfigurationList = 9B520BF91DFD89E50094097D /* Build configuration list for PBXNativeTarget "Track ChurchUITests" */;
			buildPhases = (
				EF53C1EAC483AC8365B72311 /* [CP] Check Pods Manifest.lock */,
				9B520BE61DFD89E50094097D /* Sources */,
				9B520BE71DFD89E50094097D /* Frameworks */,
				9B520BE81DFD89E50094097D /* Resources */,
				C71AF03715B3698291051F4D /* [CP] Embed Pods Frameworks */,
				120726C0DB107F564337C529 /* [CP] Copy Pods Resources */,
			);
			buildRules = (
			);
			dependencies = (
				9B520BEC1DFD89E50094097D /* PBXTargetDependency */,
			);
			name = "Track ChurchUITests";
			productName = "Track ChurchUITests";
			productReference = 9B520BEA1DFD89E50094097D /* Track ChurchUITests.xctest */;
			productType = "com.apple.product-type.bundle.ui-testing";
		};
/* End PBXNativeTarget section */

/* Begin PBXProject section */
		9B520BC31DFD89E50094097D /* Project object */ = {
			isa = PBXProject;
			attributes = {
				LastSwiftUpdateCheck = 0810;
				LastUpgradeCheck = 0900;
				ORGANIZATIONNAME = "Lee Watkins";
				TargetAttributes = {
					9B520BCA1DFD89E50094097D = {
						CreatedOnToolsVersion = 8.1;
						DevelopmentTeam = 2849PU2T6W;
						LastSwiftMigration = 0900;
						ProvisioningStyle = Automatic;
						SystemCapabilities = {
							com.apple.BackgroundModes = {
								enabled = 1;
							};
							com.apple.Keychain = {
								enabled = 1;
							};
							com.apple.Push = {
								enabled = 1;
							};
						};
					};
					9B520BDE1DFD89E50094097D = {
						CreatedOnToolsVersion = 8.1;
						DevelopmentTeam = TLD24BM42Z;
						LastSwiftMigration = 0900;
						ProvisioningStyle = Automatic;
						TestTargetID = 9B520BCA1DFD89E50094097D;
					};
					9B520BE91DFD89E50094097D = {
						CreatedOnToolsVersion = 8.1;
						DevelopmentTeam = TLD24BM42Z;
						LastSwiftMigration = 0900;
						ProvisioningStyle = Automatic;
						TestTargetID = 9B520BCA1DFD89E50094097D;
					};
				};
			};
			buildConfigurationList = 9B520BC61DFD89E50094097D /* Build configuration list for PBXProject "Track Church" */;
			compatibilityVersion = "Xcode 3.2";
			developmentRegion = English;
			hasScannedForEncodings = 0;
			knownRegions = (
				en,
				Base,
			);
			mainGroup = 9B520BC21DFD89E50094097D;
			productRefGroup = 9B520BCC1DFD89E50094097D /* Products */;
			projectDirPath = "";
			projectRoot = "";
			targets = (
				9B520BCA1DFD89E50094097D /* Track Church */,
				9B520BDE1DFD89E50094097D /* Track ChurchTests */,
				9B520BE91DFD89E50094097D /* Track ChurchUITests */,
			);
		};
/* End PBXProject section */

/* Begin PBXResourcesBuildPhase section */
		9B520BC91DFD89E50094097D /* Resources */ = {
			isa = PBXResourcesBuildPhase;
			buildActionMask = 2147483647;
			files = (
				9B520BD91DFD89E50094097D /* LaunchScreen.storyboard in Resources */,
				9B1D10FC1ED3878B002E2AF5 /* GoogleService-Info.plist in Resources */,
				9B520BD61DFD89E50094097D /* Assets.xcassets in Resources */,
				9B520BD41DFD89E50094097D /* Main.storyboard in Resources */,
			);
			runOnlyForDeploymentPostprocessing = 0;
		};
		9B520BDD1DFD89E50094097D /* Resources */ = {
			isa = PBXResourcesBuildPhase;
			buildActionMask = 2147483647;
			files = (
			);
			runOnlyForDeploymentPostprocessing = 0;
		};
		9B520BE81DFD89E50094097D /* Resources */ = {
			isa = PBXResourcesBuildPhase;
			buildActionMask = 2147483647;
			files = (
			);
			runOnlyForDeploymentPostprocessing = 0;
		};
/* End PBXResourcesBuildPhase section */

/* Begin PBXShellScriptBuildPhase section */
		0DED78786760ABC8DA05BF0B /* [CP] Check Pods Manifest.lock */ = {
			isa = PBXShellScriptBuildPhase;
			buildActionMask = 2147483647;
			files = (
			);
			inputPaths = (
			);
			name = "[CP] Check Pods Manifest.lock";
			outputPaths = (
			);
			runOnlyForDeploymentPostprocessing = 0;
			shellPath = /bin/sh;
			shellScript = "diff \"${PODS_PODFILE_DIR_PATH}/Podfile.lock\" \"${PODS_ROOT}/Manifest.lock\" > /dev/null\nif [ $? != 0 ] ; then\n    # print error to STDERR\n    echo \"error: The sandbox is not in sync with the Podfile.lock. Run 'pod install' or update your CocoaPods installation.\" >&2\n    exit 1\nfi\n";
			showEnvVarsInLog = 0;
		};
		120726C0DB107F564337C529 /* [CP] Copy Pods Resources */ = {
			isa = PBXShellScriptBuildPhase;
			buildActionMask = 2147483647;
			files = (
			);
			inputPaths = (
			);
			name = "[CP] Copy Pods Resources";
			outputPaths = (
			);
			runOnlyForDeploymentPostprocessing = 0;
			shellPath = /bin/sh;
			shellScript = "\"${SRCROOT}/Pods/Target Support Files/Pods-Track ChurchUITests/Pods-Track ChurchUITests-resources.sh\"\n";
			showEnvVarsInLog = 0;
		};
		16A63DA6C280E8CBA53CA249 /* [CP] Embed Pods Frameworks */ = {
			isa = PBXShellScriptBuildPhase;
			buildActionMask = 2147483647;
			files = (
			);
			inputPaths = (
			);
			name = "[CP] Embed Pods Frameworks";
			outputPaths = (
			);
			runOnlyForDeploymentPostprocessing = 0;
			shellPath = /bin/sh;
			shellScript = "\"${SRCROOT}/Pods/Target Support Files/Pods-Track ChurchTests/Pods-Track ChurchTests-frameworks.sh\"\n";
			showEnvVarsInLog = 0;
		};
		40AB9FD9056812DEDCD986ED /* [CP] Copy Pods Resources */ = {
			isa = PBXShellScriptBuildPhase;
			buildActionMask = 2147483647;
			files = (
			);
			inputPaths = (
			);
			name = "[CP] Copy Pods Resources";
			outputPaths = (
			);
			runOnlyForDeploymentPostprocessing = 0;
			shellPath = /bin/sh;
			shellScript = "\"${SRCROOT}/Pods/Target Support Files/Pods-Track Church/Pods-Track Church-resources.sh\"\n";
			showEnvVarsInLog = 0;
		};
		A32FDA1D8509481E2613A61F /* [CP] Copy Pods Resources */ = {
			isa = PBXShellScriptBuildPhase;
			buildActionMask = 2147483647;
			files = (
			);
			inputPaths = (
			);
			name = "[CP] Copy Pods Resources";
			outputPaths = (
			);
			runOnlyForDeploymentPostprocessing = 0;
			shellPath = /bin/sh;
			shellScript = "\"${SRCROOT}/Pods/Target Support Files/Pods-Track ChurchTests/Pods-Track ChurchTests-resources.sh\"\n";
			showEnvVarsInLog = 0;
		};
		B310FB49AA00C67061567C35 /* [CP] Check Pods Manifest.lock */ = {
			isa = PBXShellScriptBuildPhase;
			buildActionMask = 2147483647;
			files = (
			);
			inputPaths = (
			);
			name = "[CP] Check Pods Manifest.lock";
			outputPaths = (
			);
			runOnlyForDeploymentPostprocessing = 0;
			shellPath = /bin/sh;
			shellScript = "diff \"${PODS_PODFILE_DIR_PATH}/Podfile.lock\" \"${PODS_ROOT}/Manifest.lock\" > /dev/null\nif [ $? != 0 ] ; then\n    # print error to STDERR\n    echo \"error: The sandbox is not in sync with the Podfile.lock. Run 'pod install' or update your CocoaPods installation.\" >&2\n    exit 1\nfi\n";
			showEnvVarsInLog = 0;
		};
		C71AF03715B3698291051F4D /* [CP] Embed Pods Frameworks */ = {
			isa = PBXShellScriptBuildPhase;
			buildActionMask = 2147483647;
			files = (
			);
			inputPaths = (
			);
			name = "[CP] Embed Pods Frameworks";
			outputPaths = (
			);
			runOnlyForDeploymentPostprocessing = 0;
			shellPath = /bin/sh;
			shellScript = "\"${SRCROOT}/Pods/Target Support Files/Pods-Track ChurchUITests/Pods-Track ChurchUITests-frameworks.sh\"\n";
			showEnvVarsInLog = 0;
		};
		D083BB42FC168DAA061E88D2 /* [CP] Embed Pods Frameworks */ = {
			isa = PBXShellScriptBuildPhase;
			buildActionMask = 2147483647;
			files = (
			);
			inputPaths = (
			);
			name = "[CP] Embed Pods Frameworks";
			outputPaths = (
			);
			runOnlyForDeploymentPostprocessing = 0;
			shellPath = /bin/sh;
			shellScript = "\"${SRCROOT}/Pods/Target Support Files/Pods-Track Church/Pods-Track Church-frameworks.sh\"\n";
			showEnvVarsInLog = 0;
		};
		EF53C1EAC483AC8365B72311 /* [CP] Check Pods Manifest.lock */ = {
			isa = PBXShellScriptBuildPhase;
			buildActionMask = 2147483647;
			files = (
			);
			inputPaths = (
			);
			name = "[CP] Check Pods Manifest.lock";
			outputPaths = (
			);
			runOnlyForDeploymentPostprocessing = 0;
			shellPath = /bin/sh;
			shellScript = "diff \"${PODS_PODFILE_DIR_PATH}/Podfile.lock\" \"${PODS_ROOT}/Manifest.lock\" > /dev/null\nif [ $? != 0 ] ; then\n    # print error to STDERR\n    echo \"error: The sandbox is not in sync with the Podfile.lock. Run 'pod install' or update your CocoaPods installation.\" >&2\n    exit 1\nfi\n";
			showEnvVarsInLog = 0;
		};
/* End PBXShellScriptBuildPhase section */

/* Begin PBXSourcesBuildPhase section */
		9B520BC71DFD89E50094097D /* Sources */ = {
			isa = PBXSourcesBuildPhase;
			buildActionMask = 2147483647;
			files = (
				9B520BCF1DFD89E50094097D /* AppDelegate.swift in Sources */,
				9B5D8F181F8AB8A90013957A /* ChooseMetricViewModel.swift in Sources */,
				9B868F051F813F7500667FAC /* ChooseGatheringTableViewController.swift in Sources */,
				9B5D8F161F8AB7A30013957A /* ChooseMetricTableViewController.swift in Sources */,
				9B5D8F111F88ED5E0013957A /* DB.swift in Sources */,
				9B5D8F131F88F4DF0013957A /* ChooseGatheringViewModel.swift in Sources */,
			);
			runOnlyForDeploymentPostprocessing = 0;
		};
		9B520BDB1DFD89E50094097D /* Sources */ = {
			isa = PBXSourcesBuildPhase;
			buildActionMask = 2147483647;
			files = (
				9B520BE41DFD89E50094097D /* Track_ChurchTests.swift in Sources */,
			);
			runOnlyForDeploymentPostprocessing = 0;
		};
		9B520BE61DFD89E50094097D /* Sources */ = {
			isa = PBXSourcesBuildPhase;
			buildActionMask = 2147483647;
			files = (
				9B520BEF1DFD89E50094097D /* Track_ChurchUITests.swift in Sources */,
			);
			runOnlyForDeploymentPostprocessing = 0;
		};
/* End PBXSourcesBuildPhase section */

/* Begin PBXTargetDependency section */
		9B520BE11DFD89E50094097D /* PBXTargetDependency */ = {
			isa = PBXTargetDependency;
			target = 9B520BCA1DFD89E50094097D /* Track Church */;
			targetProxy = 9B520BE01DFD89E50094097D /* PBXContainerItemProxy */;
		};
		9B520BEC1DFD89E50094097D /* PBXTargetDependency */ = {
			isa = PBXTargetDependency;
			target = 9B520BCA1DFD89E50094097D /* Track Church */;
			targetProxy = 9B520BEB1DFD89E50094097D /* PBXContainerItemProxy */;
		};
/* End PBXTargetDependency section */

/* Begin PBXVariantGroup section */
		9B520BD21DFD89E50094097D /* Main.storyboard */ = {
			isa = PBXVariantGroup;
			children = (
				9B520BD31DFD89E50094097D /* Base */,
			);
			name = Main.storyboard;
			sourceTree = "<group>";
		};
		9B520BD71DFD89E50094097D /* LaunchScreen.storyboard */ = {
			isa = PBXVariantGroup;
			children = (
				9B520BD81DFD89E50094097D /* Base */,
			);
			name = LaunchScreen.storyboard;
			sourceTree = "<group>";
		};
/* End PBXVariantGroup section */

/* Begin XCBuildConfiguration section */
		9B520BF11DFD89E50094097D /* Debug */ = {
			isa = XCBuildConfiguration;
			buildSettings = {
				ALWAYS_EMBED_SWIFT_STANDARD_LIBRARIES = "$(inherited)";
				ALWAYS_SEARCH_USER_PATHS = NO;
				CLANG_ANALYZER_NONNULL = YES;
				CLANG_CXX_LANGUAGE_STANDARD = "gnu++0x";
				CLANG_CXX_LIBRARY = "libc++";
				CLANG_ENABLE_MODULES = YES;
				CLANG_ENABLE_OBJC_ARC = YES;
				CLANG_WARN_BLOCK_CAPTURE_AUTORELEASING = YES;
				CLANG_WARN_BOOL_CONVERSION = YES;
				CLANG_WARN_COMMA = YES;
				CLANG_WARN_CONSTANT_CONVERSION = YES;
				CLANG_WARN_DIRECT_OBJC_ISA_USAGE = YES_ERROR;
				CLANG_WARN_DOCUMENTATION_COMMENTS = YES;
				CLANG_WARN_EMPTY_BODY = YES;
				CLANG_WARN_ENUM_CONVERSION = YES;
				CLANG_WARN_INFINITE_RECURSION = YES;
				CLANG_WARN_INT_CONVERSION = YES;
				CLANG_WARN_NON_LITERAL_NULL_CONVERSION = YES;
				CLANG_WARN_OBJC_LITERAL_CONVERSION = YES;
				CLANG_WARN_OBJC_ROOT_CLASS = YES_ERROR;
				CLANG_WARN_RANGE_LOOP_ANALYSIS = YES;
				CLANG_WARN_STRICT_PROTOTYPES = YES;
				CLANG_WARN_SUSPICIOUS_MOVE = YES;
				CLANG_WARN_SUSPICIOUS_MOVES = YES;
				CLANG_WARN_UNREACHABLE_CODE = YES;
				CLANG_WARN__DUPLICATE_METHOD_MATCH = YES;
				"CODE_SIGN_IDENTITY[sdk=iphoneos*]" = "iPhone Developer";
				COPY_PHASE_STRIP = NO;
				DEBUG_INFORMATION_FORMAT = dwarf;
				ENABLE_STRICT_OBJC_MSGSEND = YES;
				ENABLE_TESTABILITY = YES;
				GCC_C_LANGUAGE_STANDARD = gnu99;
				GCC_DYNAMIC_NO_PIC = NO;
				GCC_NO_COMMON_BLOCKS = YES;
				GCC_OPTIMIZATION_LEVEL = 0;
				GCC_PREPROCESSOR_DEFINITIONS = (
					"DEBUG=1",
					"$(inherited)",
				);
				GCC_WARN_64_TO_32_BIT_CONVERSION = YES;
				GCC_WARN_ABOUT_RETURN_TYPE = YES_ERROR;
				GCC_WARN_UNDECLARED_SELECTOR = YES;
				GCC_WARN_UNINITIALIZED_AUTOS = YES_AGGRESSIVE;
				GCC_WARN_UNUSED_FUNCTION = YES;
				GCC_WARN_UNUSED_VARIABLE = YES;
				IPHONEOS_DEPLOYMENT_TARGET = 10.1;
				MTL_ENABLE_DEBUG_INFO = YES;
				ONLY_ACTIVE_ARCH = YES;
				SDKROOT = iphoneos;
				SWIFT_ACTIVE_COMPILATION_CONDITIONS = DEBUG;
				SWIFT_OPTIMIZATION_LEVEL = "-Onone";
				TARGETED_DEVICE_FAMILY = "1,2";
			};
			name = Debug;
		};
		9B520BF21DFD89E50094097D /* Release */ = {
			isa = XCBuildConfiguration;
			buildSettings = {
				ALWAYS_EMBED_SWIFT_STANDARD_LIBRARIES = "$(inherited)";
				ALWAYS_SEARCH_USER_PATHS = NO;
				CLANG_ANALYZER_NONNULL = YES;
				CLANG_CXX_LANGUAGE_STANDARD = "gnu++0x";
				CLANG_CXX_LIBRARY = "libc++";
				CLANG_ENABLE_MODULES = YES;
				CLANG_ENABLE_OBJC_ARC = YES;
				CLANG_WARN_BLOCK_CAPTURE_AUTORELEASING = YES;
				CLANG_WARN_BOOL_CONVERSION = YES;
				CLANG_WARN_COMMA = YES;
				CLANG_WARN_CONSTANT_CONVERSION = YES;
				CLANG_WARN_DIRECT_OBJC_ISA_USAGE = YES_ERROR;
				CLANG_WARN_DOCUMENTATION_COMMENTS = YES;
				CLANG_WARN_EMPTY_BODY = YES;
				CLANG_WARN_ENUM_CONVERSION = YES;
				CLANG_WARN_INFINITE_RECURSION = YES;
				CLANG_WARN_INT_CONVERSION = YES;
				CLANG_WARN_NON_LITERAL_NULL_CONVERSION = YES;
				CLANG_WARN_OBJC_LITERAL_CONVERSION = YES;
				CLANG_WARN_OBJC_ROOT_CLASS = YES_ERROR;
				CLANG_WARN_RANGE_LOOP_ANALYSIS = YES;
				CLANG_WARN_STRICT_PROTOTYPES = YES;
				CLANG_WARN_SUSPICIOUS_MOVE = YES;
				CLANG_WARN_SUSPICIOUS_MOVES = YES;
				CLANG_WARN_UNREACHABLE_CODE = YES;
				CLANG_WARN__DUPLICATE_METHOD_MATCH = YES;
				"CODE_SIGN_IDENTITY[sdk=iphoneos*]" = "iPhone Developer";
				COPY_PHASE_STRIP = NO;
				DEBUG_INFORMATION_FORMAT = "dwarf-with-dsym";
				ENABLE_NS_ASSERTIONS = NO;
				ENABLE_STRICT_OBJC_MSGSEND = YES;
				GCC_C_LANGUAGE_STANDARD = gnu99;
				GCC_NO_COMMON_BLOCKS = YES;
				GCC_WARN_64_TO_32_BIT_CONVERSION = YES;
				GCC_WARN_ABOUT_RETURN_TYPE = YES_ERROR;
				GCC_WARN_UNDECLARED_SELECTOR = YES;
				GCC_WARN_UNINITIALIZED_AUTOS = YES_AGGRESSIVE;
				GCC_WARN_UNUSED_FUNCTION = YES;
				GCC_WARN_UNUSED_VARIABLE = YES;
				IPHONEOS_DEPLOYMENT_TARGET = 10.1;
				MTL_ENABLE_DEBUG_INFO = NO;
				SDKROOT = iphoneos;
				SWIFT_OPTIMIZATION_LEVEL = "-Owholemodule";
				TARGETED_DEVICE_FAMILY = "1,2";
				VALIDATE_PRODUCT = YES;
			};
			name = Release;
		};
		9B520BF41DFD89E50094097D /* Debug */ = {
			isa = XCBuildConfiguration;
			baseConfigurationReference = ABB49C1B8764A5E537FF93DA /* Pods-Track Church.debug.xcconfig */;
			buildSettings = {
				ALWAYS_EMBED_SWIFT_STANDARD_LIBRARIES = "$(inherited)";
				ASSETCATALOG_COMPILER_APPICON_NAME = AppIcon;
				CODE_SIGN_ENTITLEMENTS = "Track Church/Track Church.entitlements";
				"CODE_SIGN_IDENTITY[sdk=iphoneos*]" = "iPhone Developer";
				CODE_SIGN_STYLE = Automatic;
				DEVELOPMENT_TEAM = "";
				INFOPLIST_FILE = "Track Church/Info.plist";
				LD_RUNPATH_SEARCH_PATHS = "$(inherited) @executable_path/Frameworks";
				PRODUCT_BUNDLE_IDENTIFIER = church.track.Track;
				PRODUCT_NAME = "$(TARGET_NAME)";
				PROVISIONING_PROFILE = "";
				PROVISIONING_PROFILE_SPECIFIER = "";
				SWIFT_SWIFT3_OBJC_INFERENCE = On;
				SWIFT_VERSION = 4.0;
			};
			name = Debug;
		};
		9B520BF51DFD89E50094097D /* Release */ = {
			isa = XCBuildConfiguration;
			baseConfigurationReference = B6E6945B9E800BA7097983EC /* Pods-Track Church.release.xcconfig */;
			buildSettings = {
				ALWAYS_EMBED_SWIFT_STANDARD_LIBRARIES = "$(inherited)";
				ASSETCATALOG_COMPILER_APPICON_NAME = AppIcon;
				CODE_SIGN_ENTITLEMENTS = "Track Church/Track Church.entitlements";
				"CODE_SIGN_IDENTITY[sdk=iphoneos*]" = "iPhone Developer";
				CODE_SIGN_STYLE = Automatic;
				DEVELOPMENT_TEAM = "";
				INFOPLIST_FILE = "Track Church/Info.plist";
				LD_RUNPATH_SEARCH_PATHS = "$(inherited) @executable_path/Frameworks";
				PRODUCT_BUNDLE_IDENTIFIER = church.track.Track;
				PRODUCT_NAME = "$(TARGET_NAME)";
				PROVISIONING_PROFILE = "";
				PROVISIONING_PROFILE_SPECIFIER = "";
				SWIFT_SWIFT3_OBJC_INFERENCE = On;
				SWIFT_VERSION = 4.0;
			};
			name = Release;
		};
		9B520BF71DFD89E50094097D /* Debug */ = {
			isa = XCBuildConfiguration;
			baseConfigurationReference = 2F82A851AF25E3B0AE0675DE /* Pods-Track ChurchTests.debug.xcconfig */;
			buildSettings = {
				ALWAYS_EMBED_SWIFT_STANDARD_LIBRARIES = YES;
				BUNDLE_LOADER = "$(TEST_HOST)";
				DEVELOPMENT_TEAM = TLD24BM42Z;
				INFOPLIST_FILE = "Track ChurchTests/Info.plist";
				LD_RUNPATH_SEARCH_PATHS = "$(inherited) @executable_path/Frameworks @loader_path/Frameworks";
				PRODUCT_BUNDLE_IDENTIFIER = "church.track.Track-ChurchTests";
				PRODUCT_NAME = "$(TARGET_NAME)";
				SWIFT_SWIFT3_OBJC_INFERENCE = On;
				SWIFT_VERSION = 4.0;
				TEST_HOST = "$(BUILT_PRODUCTS_DIR)/Track Church.app/Track Church";
			};
			name = Debug;
		};
		9B520BF81DFD89E50094097D /* Release */ = {
			isa = XCBuildConfiguration;
			baseConfigurationReference = C6F2A13BEFC1AABFF6DBE6D6 /* Pods-Track ChurchTests.release.xcconfig */;
			buildSettings = {
				ALWAYS_EMBED_SWIFT_STANDARD_LIBRARIES = YES;
				BUNDLE_LOADER = "$(TEST_HOST)";
				DEVELOPMENT_TEAM = TLD24BM42Z;
				INFOPLIST_FILE = "Track ChurchTests/Info.plist";
				LD_RUNPATH_SEARCH_PATHS = "$(inherited) @executable_path/Frameworks @loader_path/Frameworks";
				PRODUCT_BUNDLE_IDENTIFIER = "church.track.Track-ChurchTests";
				PRODUCT_NAME = "$(TARGET_NAME)";
				SWIFT_SWIFT3_OBJC_INFERENCE = On;
				SWIFT_VERSION = 4.0;
				TEST_HOST = "$(BUILT_PRODUCTS_DIR)/Track Church.app/Track Church";
			};
			name = Release;
		};
		9B520BFA1DFD89E50094097D /* Debug */ = {
			isa = XCBuildConfiguration;
			baseConfigurationReference = D22DB2B17CEE637CDC6A2AD3 /* Pods-Track ChurchUITests.debug.xcconfig */;
			buildSettings = {
				ALWAYS_EMBED_SWIFT_STANDARD_LIBRARIES = YES;
				DEVELOPMENT_TEAM = TLD24BM42Z;
				INFOPLIST_FILE = "Track ChurchUITests/Info.plist";
				LD_RUNPATH_SEARCH_PATHS = "$(inherited) @executable_path/Frameworks @loader_path/Frameworks";
				PRODUCT_BUNDLE_IDENTIFIER = "church.track.Track-ChurchUITests";
				PRODUCT_NAME = "$(TARGET_NAME)";
				SWIFT_SWIFT3_OBJC_INFERENCE = On;
				SWIFT_VERSION = 4.0;
				TEST_TARGET_NAME = "Track Church";
			};
			name = Debug;
		};
		9B520BFB1DFD89E50094097D /* Release */ = {
			isa = XCBuildConfiguration;
			baseConfigurationReference = 5F10C5A5074B3556EAACB080 /* Pods-Track ChurchUITests.release.xcconfig */;
			buildSettings = {
				ALWAYS_EMBED_SWIFT_STANDARD_LIBRARIES = YES;
				DEVELOPMENT_TEAM = TLD24BM42Z;
				INFOPLIST_FILE = "Track ChurchUITests/Info.plist";
				LD_RUNPATH_SEARCH_PATHS = "$(inherited) @executable_path/Frameworks @loader_path/Frameworks";
				PRODUCT_BUNDLE_IDENTIFIER = "church.track.Track-ChurchUITests";
				PRODUCT_NAME = "$(TARGET_NAME)";
				SWIFT_SWIFT3_OBJC_INFERENCE = On;
				SWIFT_VERSION = 4.0;
				TEST_TARGET_NAME = "Track Church";
			};
			name = Release;
		};
/* End XCBuildConfiguration section */

/* Begin XCConfigurationList section */
		9B520BC61DFD89E50094097D /* Build configuration list for PBXProject "Track Church" */ = {
			isa = XCConfigurationList;
			buildConfigurations = (
				9B520BF11DFD89E50094097D /* Debug */,
				9B520BF21DFD89E50094097D /* Release */,
			);
			defaultConfigurationIsVisible = 0;
			defaultConfigurationName = Release;
		};
		9B520BF31DFD89E50094097D /* Build configuration list for PBXNativeTarget "Track Church" */ = {
			isa = XCConfigurationList;
			buildConfigurations = (
				9B520BF41DFD89E50094097D /* Debug */,
				9B520BF51DFD89E50094097D /* Release */,
			);
			defaultConfigurationIsVisible = 0;
			defaultConfigurationName = Release;
		};
		9B520BF61DFD89E50094097D /* Build configuration list for PBXNativeTarget "Track ChurchTests" */ = {
			isa = XCConfigurationList;
			buildConfigurations = (
				9B520BF71DFD89E50094097D /* Debug */,
				9B520BF81DFD89E50094097D /* Release */,
			);
			defaultConfigurationIsVisible = 0;
			defaultConfigurationName = Release;
		};
		9B520BF91DFD89E50094097D /* Build configuration list for PBXNativeTarget "Track ChurchUITests" */ = {
			isa = XCConfigurationList;
			buildConfigurations = (
				9B520BFA1DFD89E50094097D /* Debug */,
				9B520BFB1DFD89E50094097D /* Release */,
			);
			defaultConfigurationIsVisible = 0;
			defaultConfigurationName = Release;
		};
/* End XCConfigurationList section */
	};
	rootObject = 9B520BC31DFD89E50094097D /* Project object */;
}
